// !$*UTF8*$!
{
	archiveVersion = 1;
	classes = {
	};
	objectVersion = 51;
	objects = {

/* Begin PBXBuildFile section */
		9E09FE1B7730E2C13B46FBE0 /* Pods_DesafioMobile2You.framework in Frameworks */ = {isa = PBXBuildFile; fileRef = A354C7F98A42BF5DF6BB2B6B /* Pods_DesafioMobile2You.framework */; };
		A3AEF84526164ED900FFC028 /* AppDelegate.swift in Sources */ = {isa = PBXBuildFile; fileRef = A3AEF84426164ED900FFC028 /* AppDelegate.swift */; };
		A3AEF84726164ED900FFC028 /* SceneDelegate.swift in Sources */ = {isa = PBXBuildFile; fileRef = A3AEF84626164ED900FFC028 /* SceneDelegate.swift */; };
		A3AEF84926164ED900FFC028 /* ViewController.swift in Sources */ = {isa = PBXBuildFile; fileRef = A3AEF84826164ED900FFC028 /* ViewController.swift */; };
		A3AEF84C26164ED900FFC028 /* Main.storyboard in Resources */ = {isa = PBXBuildFile; fileRef = A3AEF84A26164ED900FFC028 /* Main.storyboard */; };
		A3AEF84E26164EDA00FFC028 /* Assets.xcassets in Resources */ = {isa = PBXBuildFile; fileRef = A3AEF84D26164EDA00FFC028 /* Assets.xcassets */; };
		A3AEF85126164EDA00FFC028 /* LaunchScreen.storyboard in Resources */ = {isa = PBXBuildFile; fileRef = A3AEF84F26164EDA00FFC028 /* LaunchScreen.storyboard */; };
		A3AEF85E2616521700FFC028 /* Movie.swift in Sources */ = {isa = PBXBuildFile; fileRef = A3AEF85D2616521700FFC028 /* Movie.swift */; };
		A3AEF861261679D700FFC028 /* SimilarMovies.swift in Sources */ = {isa = PBXBuildFile; fileRef = A3AEF860261679D700FFC028 /* SimilarMovies.swift */; };
		A3AEF8662616868700FFC028 /* MoviesTableViewCell.swift in Sources */ = {isa = PBXBuildFile; fileRef = A3AEF8652616868700FFC028 /* MoviesTableViewCell.swift */; };
		A3B995D0261E538200DEE364 /* MovieRepository.swift in Sources */ = {isa = PBXBuildFile; fileRef = A3B995CF261E538200DEE364 /* MovieRepository.swift */; };
		A3F44D0D261E598A004B8B74 /* MovieService.swift in Sources */ = {isa = PBXBuildFile; fileRef = A3F44D0C261E598A004B8B74 /* MovieService.swift */; };
/* End PBXBuildFile section */

/* Begin PBXFileReference section */
		796A9FD72BF225858034AE37 /* Pods-DesafioMobile2You.debug.xcconfig */ = {isa = PBXFileReference; includeInIndex = 1; lastKnownFileType = text.xcconfig; name = "Pods-DesafioMobile2You.debug.xcconfig"; path = "Target Support Files/Pods-DesafioMobile2You/Pods-DesafioMobile2You.debug.xcconfig"; sourceTree = "<group>"; };
		A354C7F98A42BF5DF6BB2B6B /* Pods_DesafioMobile2You.framework */ = {isa = PBXFileReference; explicitFileType = wrapper.framework; includeInIndex = 0; path = Pods_DesafioMobile2You.framework; sourceTree = BUILT_PRODUCTS_DIR; };
		A3AEF84126164ED900FFC028 /* DesafioMobile2You.app */ = {isa = PBXFileReference; explicitFileType = wrapper.application; includeInIndex = 0; path = DesafioMobile2You.app; sourceTree = BUILT_PRODUCTS_DIR; };
		A3AEF84426164ED900FFC028 /* AppDelegate.swift */ = {isa = PBXFileReference; lastKnownFileType = sourcecode.swift; path = AppDelegate.swift; sourceTree = "<group>"; };
		A3AEF84626164ED900FFC028 /* SceneDelegate.swift */ = {isa = PBXFileReference; lastKnownFileType = sourcecode.swift; path = SceneDelegate.swift; sourceTree = "<group>"; };
		A3AEF84826164ED900FFC028 /* ViewController.swift */ = {isa = PBXFileReference; lastKnownFileType = sourcecode.swift; path = ViewController.swift; sourceTree = "<group>"; };
		A3AEF84B26164ED900FFC028 /* Base */ = {isa = PBXFileReference; lastKnownFileType = file.storyboard; name = Base; path = Base.lproj/Main.storyboard; sourceTree = "<group>"; };
		A3AEF84D26164EDA00FFC028 /* Assets.xcassets */ = {isa = PBXFileReference; lastKnownFileType = folder.assetcatalog; path = Assets.xcassets; sourceTree = "<group>"; };
		A3AEF85026164EDA00FFC028 /* Base */ = {isa = PBXFileReference; lastKnownFileType = file.storyboard; name = Base; path = Base.lproj/LaunchScreen.storyboard; sourceTree = "<group>"; };
		A3AEF85226164EDA00FFC028 /* Info.plist */ = {isa = PBXFileReference; lastKnownFileType = text.plist.xml; path = Info.plist; sourceTree = "<group>"; };
		A3AEF85D2616521700FFC028 /* Movie.swift */ = {isa = PBXFileReference; lastKnownFileType = sourcecode.swift; path = Movie.swift; sourceTree = "<group>"; };
		A3AEF860261679D700FFC028 /* SimilarMovies.swift */ = {isa = PBXFileReference; lastKnownFileType = sourcecode.swift; path = SimilarMovies.swift; sourceTree = "<group>"; };
		A3AEF8652616868700FFC028 /* MoviesTableViewCell.swift */ = {isa = PBXFileReference; lastKnownFileType = sourcecode.swift; path = MoviesTableViewCell.swift; sourceTree = "<group>"; };
		A3B995CF261E538200DEE364 /* MovieRepository.swift */ = {isa = PBXFileReference; lastKnownFileType = sourcecode.swift; path = MovieRepository.swift; sourceTree = "<group>"; };
		A3F44D0C261E598A004B8B74 /* MovieService.swift */ = {isa = PBXFileReference; lastKnownFileType = sourcecode.swift; name = MovieService.swift; path = ../MovieService.swift; sourceTree = "<group>"; };
		C7DB93F617779A12180D16B3 /* Pods-DesafioMobile2You.release.xcconfig */ = {isa = PBXFileReference; includeInIndex = 1; lastKnownFileType = text.xcconfig; name = "Pods-DesafioMobile2You.release.xcconfig"; path = "Target Support Files/Pods-DesafioMobile2You/Pods-DesafioMobile2You.release.xcconfig"; sourceTree = "<group>"; };
/* End PBXFileReference section */

/* Begin PBXFrameworksBuildPhase section */
		A3AEF83E26164ED900FFC028 /* Frameworks */ = {
			isa = PBXFrameworksBuildPhase;
			buildActionMask = 2147483647;
			files = (
				9E09FE1B7730E2C13B46FBE0 /* Pods_DesafioMobile2You.framework in Frameworks */,
			);
			runOnlyForDeploymentPostprocessing = 0;
		};
/* End PBXFrameworksBuildPhase section */

/* Begin PBXGroup section */
		3B1A5B85A554FE755FA9625D /* Frameworks */ = {
			isa = PBXGroup;
			children = (
				A354C7F98A42BF5DF6BB2B6B /* Pods_DesafioMobile2You.framework */,
			);
			name = Frameworks;
			sourceTree = "<group>";
		};
		421B36B754CB3A077AF1FA9F /* Pods */ = {
			isa = PBXGroup;
			children = (
				796A9FD72BF225858034AE37 /* Pods-DesafioMobile2You.debug.xcconfig */,
				C7DB93F617779A12180D16B3 /* Pods-DesafioMobile2You.release.xcconfig */,
			);
			path = Pods;
			sourceTree = "<group>";
		};
		A313F69C261A47AB00F01787 /* Model */ = {
			isa = PBXGroup;
			children = (
				A3AEF85D2616521700FFC028 /* Movie.swift */,
				A3AEF860261679D700FFC028 /* SimilarMovies.swift */,
				A3F44D0C261E598A004B8B74 /* MovieService.swift */,
			);
			path = Model;
			sourceTree = "<group>";
		};
		A313F69D261A48EF00F01787 /* View */ = {
			isa = PBXGroup;
			children = (
				A3AEF8652616868700FFC028 /* MoviesTableViewCell.swift */,
				A3AEF84826164ED900FFC028 /* ViewController.swift */,
			);
			path = View;
			sourceTree = "<group>";
		};
		A313F69E261A490500F01787 /* ViewModel */ = {
			isa = PBXGroup;
			children = (
				A3B995CF261E538200DEE364 /* MovieRepository.swift */,
				A3AEF84F26164EDA00FFC028 /* LaunchScreen.storyboard */,
				A3AEF84A26164ED900FFC028 /* Main.storyboard */,
			);
			path = ViewModel;
			sourceTree = "<group>";
		};
		A3AEF83826164ED900FFC028 = {
			isa = PBXGroup;
			children = (
				A3AEF84326164ED900FFC028 /* DesafioMobile2You */,
				A3AEF84226164ED900FFC028 /* Products */,
				421B36B754CB3A077AF1FA9F /* Pods */,
				3B1A5B85A554FE755FA9625D /* Frameworks */,
			);
			sourceTree = "<group>";
		};
		A3AEF84226164ED900FFC028 /* Products */ = {
			isa = PBXGroup;
			children = (
				A3AEF84126164ED900FFC028 /* DesafioMobile2You.app */,
			);
			name = Products;
			sourceTree = "<group>";
		};
		A3AEF84326164ED900FFC028 /* DesafioMobile2You */ = {
			isa = PBXGroup;
			children = (
				A3AEF84426164ED900FFC028 /* AppDelegate.swift */,
				A3AEF84626164ED900FFC028 /* SceneDelegate.swift */,
				A313F69C261A47AB00F01787 /* Model */,
				A313F69D261A48EF00F01787 /* View */,
				A313F69E261A490500F01787 /* ViewModel */,
				A3AEF84D26164EDA00FFC028 /* Assets.xcassets */,
				A3AEF85226164EDA00FFC028 /* Info.plist */,
			);
			path = DesafioMobile2You;
			sourceTree = "<group>";
		};
/* End PBXGroup section */

/* Begin PBXNativeTarget section */
		A3AEF84026164ED900FFC028 /* DesafioMobile2You */ = {
			isa = PBXNativeTarget;
			buildConfigurationList = A3AEF85526164EDA00FFC028 /* Build configuration list for PBXNativeTarget "DesafioMobile2You" */;
			buildPhases = (
				B82F0FEA5E643AF3DE5F1C69 /* [CP] Check Pods Manifest.lock */,
				A3AEF83D26164ED900FFC028 /* Sources */,
				A3AEF83E26164ED900FFC028 /* Frameworks */,
				A3AEF83F26164ED900FFC028 /* Resources */,
				4D0C68ABDF541B40DD43F9B9 /* [CP] Embed Pods Frameworks */,
			);
			buildRules = (
			);
			dependencies = (
			);
			name = DesafioMobile2You;
			productName = DesafioMobile2You;
			productReference = A3AEF84126164ED900FFC028 /* DesafioMobile2You.app */;
			productType = "com.apple.product-type.application";
		};
/* End PBXNativeTarget section */

/* Begin PBXProject section */
		A3AEF83926164ED900FFC028 /* Project object */ = {
			isa = PBXProject;
			attributes = {
				LastSwiftUpdateCheck = 1240;
				LastUpgradeCheck = 1240;
				TargetAttributes = {
					A3AEF84026164ED900FFC028 = {
						CreatedOnToolsVersion = 12.4;
					};
				};
			};
			buildConfigurationList = A3AEF83C26164ED900FFC028 /* Build configuration list for PBXProject "DesafioMobile2You" */;
			compatibilityVersion = "Xcode 9.3";
			developmentRegion = en;
			hasScannedForEncodings = 0;
			knownRegions = (
				en,
				Base,
			);
			mainGroup = A3AEF83826164ED900FFC028;
			productRefGroup = A3AEF84226164ED900FFC028 /* Products */;
			projectDirPath = "";
			projectRoot = "";
			targets = (
				A3AEF84026164ED900FFC028 /* DesafioMobile2You */,
			);
		};
/* End PBXProject section */

/* Begin PBXResourcesBuildPhase section */
		A3AEF83F26164ED900FFC028 /* Resources */ = {
			isa = PBXResourcesBuildPhase;
			buildActionMask = 2147483647;
			files = (
				A3AEF85126164EDA00FFC028 /* LaunchScreen.storyboard in Resources */,
				A3AEF84E26164EDA00FFC028 /* Assets.xcassets in Resources */,
				A3AEF84C26164ED900FFC028 /* Main.storyboard in Resources */,
			);
			runOnlyForDeploymentPostprocessing = 0;
		};
/* End PBXResourcesBuildPhase section */

/* Begin PBXShellScriptBuildPhase section */
		4D0C68ABDF541B40DD43F9B9 /* [CP] Embed Pods Frameworks */ = {
			isa = PBXShellScriptBuildPhase;
			buildActionMask = 2147483647;
			files = (
			);
			inputFileListPaths = (
				"${PODS_ROOT}/Target Support Files/Pods-DesafioMobile2You/Pods-DesafioMobile2You-frameworks-${CONFIGURATION}-input-files.xcfilelist",
			);
			name = "[CP] Embed Pods Frameworks";
			outputFileListPaths = (
				"${PODS_ROOT}/Target Support Files/Pods-DesafioMobile2You/Pods-DesafioMobile2You-frameworks-${CONFIGURATION}-output-files.xcfilelist",
			);
			runOnlyForDeploymentPostprocessing = 0;
			shellPath = /bin/sh;
			shellScript = "\"${PODS_ROOT}/Target Support Files/Pods-DesafioMobile2You/Pods-DesafioMobile2You-frameworks.sh\"\n";
			showEnvVarsInLog = 0;
		};
		B82F0FEA5E643AF3DE5F1C69 /* [CP] Check Pods Manifest.lock */ = {
			isa = PBXShellScriptBuildPhase;
			buildActionMask = 2147483647;
			files = (
			);
			inputFileListPaths = (
			);
			inputPaths = (
				"${PODS_PODFILE_DIR_PATH}/Podfile.lock",
				"${PODS_ROOT}/Manifest.lock",
			);
			name = "[CP] Check Pods Manifest.lock";
			outputFileListPaths = (
			);
			outputPaths = (
				"$(DERIVED_FILE_DIR)/Pods-DesafioMobile2You-checkManifestLockResult.txt",
			);
			runOnlyForDeploymentPostprocessing = 0;
			shellPath = /bin/sh;
			shellScript = "diff \"${PODS_PODFILE_DIR_PATH}/Podfile.lock\" \"${PODS_ROOT}/Manifest.lock\" > /dev/null\nif [ $? != 0 ] ; then\n    # print error to STDERR\n    echo \"error: The sandbox is not in sync with the Podfile.lock. Run 'pod install' or update your CocoaPods installation.\" >&2\n    exit 1\nfi\n# This output is used by Xcode 'outputs' to avoid re-running this script phase.\necho \"SUCCESS\" > \"${SCRIPT_OUTPUT_FILE_0}\"\n";
			showEnvVarsInLog = 0;
		};
/* End PBXShellScriptBuildPhase section */

/* Begin PBXSourcesBuildPhase section */
		A3AEF83D26164ED900FFC028 /* Sources */ = {
			isa = PBXSourcesBuildPhase;
			buildActionMask = 2147483647;
			files = (
				A3AEF861261679D700FFC028 /* SimilarMovies.swift in Sources */,
				A3AEF84926164ED900FFC028 /* ViewController.swift in Sources */,
				A3AEF84526164ED900FFC028 /* AppDelegate.swift in Sources */,
				A3B995D0261E538200DEE364 /* MovieRepository.swift in Sources */,
				A3F44D0D261E598A004B8B74 /* MovieService.swift in Sources */,
				A3AEF84726164ED900FFC028 /* SceneDelegate.swift in Sources */,
				A3AEF8662616868700FFC028 /* MoviesTableViewCell.swift in Sources */,
				A3AEF85E2616521700FFC028 /* Movie.swift in Sources */,
			);
			runOnlyForDeploymentPostprocessing = 0;
		};
/* End PBXSourcesBuildPhase section */

/* Begin PBXVariantGroup section */
		A3AEF84A26164ED900FFC028 /* Main.storyboard */ = {
			isa = PBXVariantGroup;
			children = (
				A3AEF84B26164ED900FFC028 /* Base */,
			);
			name = Main.storyboard;
			sourceTree = "<group>";
		};
		A3AEF84F26164EDA00FFC028 /* LaunchScreen.storyboard */ = {
			isa = PBXVariantGroup;
			children = (
				A3AEF85026164EDA00FFC028 /* Base */,
			);
			name = LaunchScreen.storyboard;
			sourceTree = "<group>";
		};
/* End PBXVariantGroup section */

/* Begin XCBuildConfiguration section */
		A3AEF85326164EDA00FFC028 /* Debug */ = {
			isa = XCBuildConfiguration;
			buildSettings = {
				ALWAYS_SEARCH_USER_PATHS = NO;
				CLANG_ANALYZER_NONNULL = YES;
				CLANG_ANALYZER_NUMBER_OBJECT_CONVERSION = YES_AGGRESSIVE;
				CLANG_CXX_LANGUAGE_STANDARD = "gnu++14";
				CLANG_CXX_LIBRARY = "libc++";
				CLANG_ENABLE_MODULES = YES;
				CLANG_ENABLE_OBJC_ARC = YES;
				CLANG_ENABLE_OBJC_WEAK = YES;
				CLANG_WARN_BLOCK_CAPTURE_AUTORELEASING = YES;
				CLANG_WARN_BOOL_CONVERSION = YES;
				CLANG_WARN_COMMA = YES;
				CLANG_WARN_CONSTANT_CONVERSION = YES;
				CLANG_WARN_DEPRECATED_OBJC_IMPLEMENTATIONS = YES;
				CLANG_WARN_DIRECT_OBJC_ISA_USAGE = YES_ERROR;
				CLANG_WARN_DOCUMENTATION_COMMENTS = YES;
				CLANG_WARN_EMPTY_BODY = YES;
				CLANG_WARN_ENUM_CONVERSION = YES;
				CLANG_WARN_INFINITE_RECURSION = YES;
				CLANG_WARN_INT_CONVERSION = YES;
				CLANG_WARN_NON_LITERAL_NULL_CONVERSION = YES;
				CLANG_WARN_OBJC_IMPLICIT_RETAIN_SELF = YES;
				CLANG_WARN_OBJC_LITERAL_CONVERSION = YES;
				CLANG_WARN_OBJC_ROOT_CLASS = YES_ERROR;
				CLANG_WARN_QUOTED_INCLUDE_IN_FRAMEWORK_HEADER = YES;
				CLANG_WARN_RANGE_LOOP_ANALYSIS = YES;
				CLANG_WARN_STRICT_PROTOTYPES = YES;
				CLANG_WARN_SUSPICIOUS_MOVE = YES;
				CLANG_WARN_UNGUARDED_AVAILABILITY = YES_AGGRESSIVE;
				CLANG_WARN_UNREACHABLE_CODE = YES;
				CLANG_WARN__DUPLICATE_METHOD_MATCH = YES;
				COPY_PHASE_STRIP = NO;
				DEBUG_INFORMATION_FORMAT = dwarf;
				ENABLE_STRICT_OBJC_MSGSEND = YES;
				ENABLE_TESTABILITY = YES;
				GCC_C_LANGUAGE_STANDARD = gnu11;
				GCC_DYNAMIC_NO_PIC = NO;
				GCC_NO_COMMON_BLOCKS = YES;
				GCC_OPTIMIZATION_LEVEL = 0;
				GCC_PREPROCESSOR_DEFINITIONS = (
					"DEBUG=1",
					"$(inherited)",
				);
				GCC_WARN_64_TO_32_BIT_CONVERSION = YES;
				GCC_WARN_ABOUT_RETURN_TYPE = YES_ERROR;
				GCC_WARN_UNDECLARED_SELECTOR = YES;
				GCC_WARN_UNINITIALIZED_AUTOS = YES_AGGRESSIVE;
				GCC_WARN_UNUSED_FUNCTION = YES;
				GCC_WARN_UNUSED_VARIABLE = YES;
				IPHONEOS_DEPLOYMENT_TARGET = 14.4;
				MTL_ENABLE_DEBUG_INFO = INCLUDE_SOURCE;
				MTL_FAST_MATH = YES;
				ONLY_ACTIVE_ARCH = YES;
				SDKROOT = iphoneos;
				SWIFT_ACTIVE_COMPILATION_CONDITIONS = DEBUG;
				SWIFT_OPTIMIZATION_LEVEL = "-Onone";
			};
			name = Debug;
		};
		A3AEF85426164EDA00FFC028 /* Release */ = {
			isa = XCBuildConfiguration;
			buildSettings = {
				ALWAYS_SEARCH_USER_PATHS = NO;
				CLANG_ANALYZER_NONNULL = YES;
				CLANG_ANALYZER_NUMBER_OBJECT_CONVERSION = YES_AGGRESSIVE;
				CLANG_CXX_LANGUAGE_STANDARD = "gnu++14";
				CLANG_CXX_LIBRARY = "libc++";
				CLANG_ENABLE_MODULES = YES;
				CLANG_ENABLE_OBJC_ARC = YES;
				CLANG_ENABLE_OBJC_WEAK = YES;
				CLANG_WARN_BLOCK_CAPTURE_AUTORELEASING = YES;
				CLANG_WARN_BOOL_CONVERSION = YES;
				CLANG_WARN_COMMA = YES;
				CLANG_WARN_CONSTANT_CONVERSION = YES;
				CLANG_WARN_DEPRECATED_OBJC_IMPLEMENTATIONS = YES;
				CLANG_WARN_DIRECT_OBJC_ISA_USAGE = YES_ERROR;
				CLANG_WARN_DOCUMENTATION_COMMENTS = YES;
				CLANG_WARN_EMPTY_BODY = YES;
				CLANG_WARN_ENUM_CONVERSION = YES;
				CLANG_WARN_INFINITE_RECURSION = YES;
				CLANG_WARN_INT_CONVERSION = YES;
				CLANG_WARN_NON_LITERAL_NULL_CONVERSION = YES;
				CLANG_WARN_OBJC_IMPLICIT_RETAIN_SELF = YES;
				CLANG_WARN_OBJC_LITERAL_CONVERSION = YES;
				CLANG_WARN_OBJC_ROOT_CLASS = YES_ERROR;
				CLANG_WARN_QUOTED_INCLUDE_IN_FRAMEWORK_HEADER = YES;
				CLANG_WARN_RANGE_LOOP_ANALYSIS = YES;
				CLANG_WARN_STRICT_PROTOTYPES = YES;
				CLANG_WARN_SUSPICIOUS_MOVE = YES;
				CLANG_WARN_UNGUARDED_AVAILABILITY = YES_AGGRESSIVE;
				CLANG_WARN_UNREACHABLE_CODE = YES;
				CLANG_WARN__DUPLICATE_METHOD_MATCH = YES;
				COPY_PHASE_STRIP = NO;
				DEBUG_INFORMATION_FORMAT = "dwarf-with-dsym";
				ENABLE_NS_ASSERTIONS = NO;
				ENABLE_STRICT_OBJC_MSGSEND = YES;
				GCC_C_LANGUAGE_STANDARD = gnu11;
				GCC_NO_COMMON_BLOCKS = YES;
				GCC_WARN_64_TO_32_BIT_CONVERSION = YES;
				GCC_WARN_ABOUT_RETURN_TYPE = YES_ERROR;
				GCC_WARN_UNDECLARED_SELECTOR = YES;
				GCC_WARN_UNINITIALIZED_AUTOS = YES_AGGRESSIVE;
				GCC_WARN_UNUSED_FUNCTION = YES;
				GCC_WARN_UNUSED_VARIABLE = YES;
				IPHONEOS_DEPLOYMENT_TARGET = 14.4;
				MTL_ENABLE_DEBUG_INFO = NO;
				MTL_FAST_MATH = YES;
				SDKROOT = iphoneos;
				SWIFT_COMPILATION_MODE = wholemodule;
				SWIFT_OPTIMIZATION_LEVEL = "-O";
				VALIDATE_PRODUCT = YES;
			};
			name = Release;
		};
		A3AEF85626164EDA00FFC028 /* Debug */ = {
			isa = XCBuildConfiguration;
			baseConfigurationReference = 796A9FD72BF225858034AE37 /* Pods-DesafioMobile2You.debug.xcconfig */;
			buildSettings = {
				ASSETCATALOG_COMPILER_APPICON_NAME = AppIcon;
				ASSETCATALOG_COMPILER_GLOBAL_ACCENT_COLOR_NAME = AccentColor;
				CODE_SIGN_STYLE = Automatic;
				INFOPLIST_FILE = DesafioMobile2You/Info.plist;
				LD_RUNPATH_SEARCH_PATHS = (
					"$(inherited)",
					"@executable_path/Frameworks",
				);
				PRODUCT_BUNDLE_IDENTIFIER = com.douglascf12.DesafioMobile2You;
				PRODUCT_NAME = "$(TARGET_NAME)";
				SWIFT_VERSION = 5.0;
				TARGETED_DEVICE_FAMILY = 1;
			};
			name = Debug;
		};
		A3AEF85726164EDA00FFC028 /* Release */ = {
			isa = XCBuildConfiguration;
			baseConfigurationReference = C7DB93F617779A12180D16B3 /* Pods-DesafioMobile2You.release.xcconfig */;
			buildSettings = {
				ASSETCATALOG_COMPILER_APPICON_NAME = AppIcon;
				ASSETCATALOG_COMPILER_GLOBAL_ACCENT_COLOR_NAME = AccentColor;
				CODE_SIGN_STYLE = Automatic;
				INFOPLIST_FILE = DesafioMobile2You/Info.plist;
				LD_RUNPATH_SEARCH_PATHS = (
					"$(inherited)",
					"@executable_path/Frameworks",
				);
				PRODUCT_BUNDLE_IDENTIFIER = com.douglascf12.DesafioMobile2You;
				PRODUCT_NAME = "$(TARGET_NAME)";
				SWIFT_VERSION = 5.0;
				TARGETED_DEVICE_FAMILY = 1;
			};
			name = Release;
		};
/* End XCBuildConfiguration section */

/* Begin XCConfigurationList section */
		A3AEF83C26164ED900FFC028 /* Build configuration list for PBXProject "DesafioMobile2You" */ = {
			isa = XCConfigurationList;
			buildConfigurations = (
				A3AEF85326164EDA00FFC028 /* Debug */,
				A3AEF85426164EDA00FFC028 /* Release */,
			);
			defaultConfigurationIsVisible = 0;
			defaultConfigurationName = Release;
		};
		A3AEF85526164EDA00FFC028 /* Build configuration list for PBXNativeTarget "DesafioMobile2You" */ = {
			isa = XCConfigurationList;
			buildConfigurations = (
				A3AEF85626164EDA00FFC028 /* Debug */,
				A3AEF85726164EDA00FFC028 /* Release */,
			);
			defaultConfigurationIsVisible = 0;
			defaultConfigurationName = Release;
		};
/* End XCConfigurationList section */
	};
	rootObject = A3AEF83926164ED900FFC028 /* Project object */;
}
